{
  "name": "packagecall",
  "version": "1.0.0",
  "lockfileVersion": 2,
  "requires": true,
  "packages": {
    "": {
      "name": "packagecall",
      "version": "1.0.0",
      "license": "ISC",
      "dependencies": {
        "@oumed/packagetest": "^1.0.13"
      }
    },
    "node_modules/@oumed/packagetest": {
      "version": "1.0.13",
      "resolved": "https://npm.pkg.github.com/download/@oumed/packagetest/1.0.13/69d1923ceba1545058821477f0414db49962e0c6f80fb0444a856f1fc94cb683",
      "integrity": "sha512-wAj+r8VLPB7Vad+Qzu4lvOlWHXmNP160XHlgwKbhYuYV7zfeqkA3Hd5ZEde2/HEUUVF6sQzTYBN43iZdGKzw7g==",
      "license": "ISC"
    }
  },
  "dependencies": {
    "@oumed/packagetest": {
      "version": "1.0.13",
      "resolved": "https://npm.pkg.github.com/download/@oumed/packagetest/1.0.13/69d1923ceba1545058821477f0414db49962e0c6f80fb0444a856f1fc94cb683",
      "integrity": "sha512-wAj+r8VLPB7Vad+Qzu4lvOlWHXmNP160XHlgwKbhYuYV7zfeqkA3Hd5ZEde2/HEUUVF6sQzTYBN43iZdGKzw7g=="
    }
  }
}
